
Microsoft Visual Studio Solution File, Format Version 12.00
# Visual Studio Version 17
VisualStudioVersion = 17.0.31903.59
MinimumVisualStudioVersion = 10.0.40219.1
Project("{FAE04EC0-301F-11D3-BF4B-00C04F79EFBC}") = "Api", "Api\Api.csproj", "{BA696AF9-7BBA-45F4-B6BD-6F0633598BF0}"
EndProject
Project("{FAE04EC0-301F-11D3-BF4B-00C04F79EFBC}") = "Core", "Core\Core.csproj", "{147CDD42-8979-406D-AA4F-51197406C469}"
EndProject
Project("{FAE04EC0-301F-11D3-BF4B-00C04F79EFBC}") = "Infrastructure", "Infrastructure\Infrastructure.csproj", "{CAD7C8A6-7033-4548-86D3-5FC290E60E64}"
EndProject
Project("{FAE04EC0-301F-11D3-BF4B-00C04F79EFBC}") = "Service", "Service\Service.csproj", "{D3787D80-38D4-49DD-B9B9-460E049EE89F}"
EndProject
Global
	GlobalSection(SolutionConfigurationPlatforms) = preSolution
		Debug|Any CPU = Debug|Any CPU
		Release|Any CPU = Release|Any CPU
	EndGlobalSection
	GlobalSection(SolutionProperties) = preSolution
		HideSolutionNode = FALSE
	EndGlobalSection
	GlobalSection(ProjectConfigurationPlatforms) = postSolution
		{BA696AF9-7BBA-45F4-B6BD-6F0633598BF0}.Debug|Any CPU.ActiveCfg = Debug|Any CPU
		{BA696AF9-7BBA-45F4-B6BD-6F0633598BF0}.Debug|Any CPU.Build.0 = Debug|Any CPU
		{BA696AF9-7BBA-45F4-B6BD-6F0633598BF0}.Release|Any CPU.ActiveCfg = Release|Any CPU
		{BA696AF9-7BBA-45F4-B6BD-6F0633598BF0}.Release|Any CPU.Build.0 = Release|Any CPU
		{147CDD42-8979-406D-AA4F-51197406C469}.Debug|Any CPU.ActiveCfg = Debug|Any CPU
		{147CDD42-8979-406D-AA4F-51197406C469}.Debug|Any CPU.Build.0 = Debug|Any CPU
		{147CDD42-8979-406D-AA4F-51197406C469}.Release|Any CPU.ActiveCfg = Release|Any CPU
		{147CDD42-8979-406D-AA4F-51197406C469}.Release|Any CPU.Build.0 = Release|Any CPU
		{CAD7C8A6-7033-4548-86D3-5FC290E60E64}.Debug|Any CPU.ActiveCfg = Debug|Any CPU
		{CAD7C8A6-7033-4548-86D3-5FC290E60E64}.Debug|Any CPU.Build.0 = Debug|Any CPU
		{CAD7C8A6-7033-4548-86D3-5FC290E60E64}.Release|Any CPU.ActiveCfg = Release|Any CPU
		{CAD7C8A6-7033-4548-86D3-5FC290E60E64}.Release|Any CPU.Build.0 = Release|Any CPU
		{D3787D80-38D4-49DD-B9B9-460E049EE89F}.Debug|Any CPU.ActiveCfg = Debug|Any CPU
		{D3787D80-38D4-49DD-B9B9-460E049EE89F}.Debug|Any CPU.Build.0 = Debug|Any CPU
		{D3787D80-38D4-49DD-B9B9-460E049EE89F}.Release|Any CPU.ActiveCfg = Release|Any CPU
		{D3787D80-38D4-49DD-B9B9-460E049EE89F}.Release|Any CPU.Build.0 = Release|Any CPU
	EndGlobalSection
EndGlobal
